
Microsoft Visual Studio Solution File, Format Version 12.00
# Visual Studio Version 17
VisualStudioVersion = 17.5.002.0
MinimumVisualStudioVersion = 10.0.40219.1
Project("{9A19103F-16F7-4668-BE54-9A1E7A4F7556}") = "vazao", "vazao.csproj", "{14CDBFB0-7C47-4291-B0EE-140BECD12187}"
EndProject
Global
	GlobalSection(SolutionConfigurationPlatforms) = preSolution
		Debug|Any CPU = Debug|Any CPU
		Release|Any CPU = Release|Any CPU
	EndGlobalSection
	GlobalSection(ProjectConfigurationPlatforms) = postSolution
		{14CDBFB0-7C47-4291-B0EE-140BECD12187}.Debug|Any CPU.ActiveCfg = Debug|Any CPU
		{14CDBFB0-7C47-4291-B0EE-140BECD12187}.Debug|Any CPU.Build.0 = Debug|Any CPU
		{14CDBFB0-7C47-4291-B0EE-140BECD12187}.Release|Any CPU.ActiveCfg = Release|Any CPU
		{14CDBFB0-7C47-4291-B0EE-140BECD12187}.Release|Any CPU.Build.0 = Release|Any CPU
	EndGlobalSection
	GlobalSection(SolutionProperties) = preSolution
		HideSolutionNode = FALSE
	EndGlobalSection
	GlobalSection(ExtensibilityGlobals) = postSolution
		SolutionGuid = {2893AAC1-E672-48C1-98E9-6E15914CF5EF}
	EndGlobalSection
EndGlobal
